# THIS IS AN AUTOGENERATED FILE. DO NOT EDIT THIS FILE DIRECTLY.
# yarn lockfile v1


"@algolia/autocomplete-core@1.9.3":
  version "1.9.3"
  dependencies:
    "@algolia/autocomplete-plugin-algolia-insights" "1.9.3"
    "@algolia/autocomplete-shared" "1.9.3"

"@algolia/autocomplete-plugin-algolia-insights@1.9.3":
  version "1.9.3"
  dependencies:
    "@algolia/autocomplete-shared" "1.9.3"

"@algolia/autocomplete-preset-algolia@1.9.3":
  version "1.9.3"
  dependencies:
    "@algolia/autocomplete-shared" "1.9.3"

"@algolia/autocomplete-shared@1.9.3":
  version "1.9.3"

"@algolia/cache-browser-local-storage@4.24.0":
  version "4.24.0"
  dependencies:
    "@algolia/cache-common" "4.24.0"

"@algolia/cache-common@4.24.0":
  version "4.24.0"

"@algolia/cache-in-memory@4.24.0":
  version "4.24.0"
  dependencies:
    "@algolia/cache-common" "4.24.0"

"@algolia/client-account@4.24.0":
  version "4.24.0"
  dependencies:
    "@algolia/client-common" "4.24.0"
    "@algolia/client-search" "4.24.0"
    "@algolia/transporter" "4.24.0"

"@algolia/client-analytics@4.24.0":
  version "4.24.0"
  dependencies:
    "@algolia/client-common" "4.24.0"
    "@algolia/client-search" "4.24.0"
    "@algolia/requester-common" "4.24.0"
    "@algolia/transporter" "4.24.0"

"@algolia/client-common@4.24.0":
  version "4.24.0"
  dependencies:
    "@algolia/requester-common" "4.24.0"
    "@algolia/transporter" "4.24.0"

"@algolia/client-personalization@4.24.0":
  version "4.24.0"
  dependencies:
    "@algolia/client-common" "4.24.0"
    "@algolia/requester-common" "4.24.0"
    "@algolia/transporter" "4.24.0"

"@algolia/client-search@>= 4.9.1 < 6", "@algolia/client-search@4.24.0":
  version "4.24.0"
  dependencies:
    "@algolia/client-common" "4.24.0"
    "@algolia/requester-common" "4.24.0"
    "@algolia/transporter" "4.24.0"

"@algolia/logger-common@4.24.0":
  version "4.24.0"

"@algolia/logger-console@4.24.0":
  version "4.24.0"
  dependencies:
    "@algolia/logger-common" "4.24.0"

"@algolia/recommend@4.24.0":
  version "4.24.0"
  dependencies:
    "@algolia/cache-browser-local-storage" "4.24.0"
    "@algolia/cache-common" "4.24.0"
    "@algolia/cache-in-memory" "4.24.0"
    "@algolia/client-common" "4.24.0"
    "@algolia/client-search" "4.24.0"
    "@algolia/logger-common" "4.24.0"
    "@algolia/logger-console" "4.24.0"
    "@algolia/requester-browser-xhr" "4.24.0"
    "@algolia/requester-common" "4.24.0"
    "@algolia/requester-node-http" "4.24.0"
    "@algolia/transporter" "4.24.0"

"@algolia/requester-browser-xhr@4.24.0":
  version "4.24.0"
  dependencies:
    "@algolia/requester-common" "4.24.0"

"@algolia/requester-common@4.24.0":
  version "4.24.0"

"@algolia/requester-node-http@4.24.0":
  version "4.24.0"
  dependencies:
    "@algolia/requester-common" "4.24.0"

"@algolia/transporter@4.24.0":
  version "4.24.0"
  dependencies:
    "@algolia/cache-common" "4.24.0"
    "@algolia/logger-common" "4.24.0"
    "@algolia/requester-common" "4.24.0"

"@babel/helper-string-parser@^7.24.8":
  version "7.24.8"

"@babel/helper-validator-identifier@^7.24.7":
  version "7.24.7"

"@babel/parser@^7.25.3":
  version "7.25.6"
  dependencies:
    "@babel/types" "^7.25.6"

"@babel/types@^7.25.6":
  version "7.25.6"
  dependencies:
    "@babel/helper-string-parser" "^7.24.8"
    "@babel/helper-validator-identifier" "^7.24.7"
    to-fast-properties "^2.0.0"

"@docsearch/css@^3.6.1", "@docsearch/css@3.6.1":
  version "3.6.1"

"@docsearch/js@^3.6.1":
  version "3.6.1"
  dependencies:
    "@docsearch/react" "3.6.1"
    preact "^10.0.0"

"@docsearch/react@^3.6.1", "@docsearch/react@3.6.1":
  version "3.6.1"
  dependencies:
    "@algolia/autocomplete-core" "1.9.3"
    "@algolia/autocomplete-preset-algolia" "1.9.3"
    "@docsearch/css" "3.6.1"
    algoliasearch "^4.19.1"

"@esbuild/darwin-arm64@0.21.5":
  version "0.21.5"

"@jridgewell/sourcemap-codec@^1.5.0":
  version "1.5.0"

"@mdit-vue/plugin-component@^2.1.3":
  version "2.1.3"
  dependencies:
    "@types/markdown-it" "^14.1.1"
    markdown-it "^14.1.0"

"@mdit-vue/plugin-frontmatter@^2.1.3":
  version "2.1.3"
  dependencies:
    "@mdit-vue/types" "2.1.0"
    "@types/markdown-it" "^14.1.1"
    gray-matter "^4.0.3"
    markdown-it "^14.1.0"

"@mdit-vue/plugin-headers@^2.1.3":
  version "2.1.3"
  dependencies:
    "@mdit-vue/shared" "2.1.3"
    "@mdit-vue/types" "2.1.0"
    "@types/markdown-it" "^14.1.1"
    markdown-it "^14.1.0"

"@mdit-vue/plugin-sfc@^2.1.3":
  version "2.1.3"
  dependencies:
    "@mdit-vue/types" "2.1.0"
    "@types/markdown-it" "^14.1.1"
    markdown-it "^14.1.0"

"@mdit-vue/plugin-title@^2.1.3":
  version "2.1.3"
  dependencies:
    "@mdit-vue/shared" "2.1.3"
    "@mdit-vue/types" "2.1.0"
    "@types/markdown-it" "^14.1.1"
    markdown-it "^14.1.0"

"@mdit-vue/plugin-toc@^2.1.3":
  version "2.1.3"
  dependencies:
    "@mdit-vue/shared" "2.1.3"
    "@mdit-vue/types" "2.1.0"
    "@types/markdown-it" "^14.1.1"
    markdown-it "^14.1.0"

"@mdit-vue/shared@^2.1.3", "@mdit-vue/shared@2.1.3":
  version "2.1.3"
  dependencies:
    "@mdit-vue/types" "2.1.0"
    "@types/markdown-it" "^14.1.1"
    markdown-it "^14.1.0"

"@mdit-vue/types@^2.1.0", "@mdit-vue/types@2.1.0":
  version "2.1.0"

"@mdit/plugin-alert@^0.13.0":
  version "0.13.1"
  dependencies:
    "@types/markdown-it" "^14.1.2"

"@mdit/plugin-container@^0.13.0":
  version "0.13.1"
  dependencies:
    "@types/markdown-it" "^14.1.2"

"@nodelib/fs.scandir@2.1.5":
  version "2.1.5"
  dependencies:
    "@nodelib/fs.stat" "2.0.5"
    run-parallel "^1.1.9"

"@nodelib/fs.stat@^2.0.2", "@nodelib/fs.stat@2.0.5":
  version "2.0.5"

"@nodelib/fs.walk@^1.2.3":
  version "1.2.8"
  dependencies:
    "@nodelib/fs.scandir" "2.1.5"
    fastq "^1.6.0"

"@rollup/rollup-darwin-arm64@4.21.2":
  version "4.21.2"

"@sec-ant/readable-stream@^0.4.1":
  version "0.4.1"

"@sindresorhus/merge-streams@^2.1.0":
  version "2.3.0"

"@sindresorhus/merge-streams@^4.0.0":
  version "4.0.0"

"@types/debug@^4.1.12":
  version "4.1.12"
  dependencies:
    "@types/ms" "*"

"@types/estree@1.0.5":
  version "1.0.5"

"@types/fs-extra@^11.0.4":
  version "11.0.4"
  dependencies:
    "@types/jsonfile" "*"
    "@types/node" "*"

"@types/hash-sum@^1.0.2":
  version "1.0.2"

"@types/jsonfile@*":
  version "6.1.4"
  dependencies:
    "@types/node" "*"

"@types/linkify-it@^5":
  version "5.0.0"

"@types/markdown-it-emoji@^3.0.1":
  version "3.0.1"
  dependencies:
    "@types/markdown-it" "^14"

"@types/markdown-it@*", "@types/markdown-it@^14", "@types/markdown-it@^14.1.1", "@types/markdown-it@^14.1.2":
  version "14.1.2"
  dependencies:
    "@types/linkify-it" "^5"
    "@types/mdurl" "^2"

"@types/mdurl@^2":
  version "2.0.0"

"@types/ms@*":
  version "0.7.34"

"@types/node@*", "@types/node@^18.0.0 || >=20.0.0":
  version "20.11.5"
  dependencies:
    undici-types "~5.26.4"

"@types/node@^17.0.5":
  version "17.0.45"

"@types/sax@^1.2.1":
  version "1.2.7"
  dependencies:
    "@types/node" "*"

"@types/web-bluetooth@^0.0.20":
  version "0.0.20"

"@vitejs/plugin-vue@^5.1.2":
  version "5.1.3"

"@vue/compiler-core@3.5.4":
  version "3.5.4"
  dependencies:
    "@babel/parser" "^7.25.3"
    "@vue/shared" "3.5.4"
    entities "^4.5.0"
    estree-walker "^2.0.2"
    source-map-js "^1.2.0"

"@vue/compiler-dom@3.5.4":
  version "3.5.4"
  dependencies:
    "@vue/compiler-core" "3.5.4"
    "@vue/shared" "3.5.4"

"@vue/compiler-sfc@3.5.4":
  version "3.5.4"
  dependencies:
    "@babel/parser" "^7.25.3"
    "@vue/compiler-core" "3.5.4"
    "@vue/compiler-dom" "3.5.4"
    "@vue/compiler-ssr" "3.5.4"
    "@vue/shared" "3.5.4"
    estree-walker "^2.0.2"
    magic-string "^0.30.11"
    postcss "^8.4.44"
    source-map-js "^1.2.0"

"@vue/compiler-ssr@3.5.4":
  version "3.5.4"
  dependencies:
    "@vue/compiler-dom" "3.5.4"
    "@vue/shared" "3.5.4"

"@vue/devtools-api@^6.6.3", "@vue/devtools-api@^6.6.4":
  version "6.6.4"

"@vue/reactivity@3.5.4":
  version "3.5.4"
  dependencies:
    "@vue/shared" "3.5.4"

"@vue/runtime-core@3.5.4":
  version "3.5.4"
  dependencies:
    "@vue/reactivity" "3.5.4"
    "@vue/shared" "3.5.4"

"@vue/runtime-dom@3.5.4":
  version "3.5.4"
  dependencies:
    "@vue/reactivity" "3.5.4"
    "@vue/runtime-core" "3.5.4"
    "@vue/shared" "3.5.4"
    csstype "^3.1.3"

"@vue/server-renderer@3.5.4":
  version "3.5.4"
  dependencies:
    "@vue/compiler-ssr" "3.5.4"
    "@vue/shared" "3.5.4"

"@vue/shared@^3.4.38", "@vue/shared@3.5.4":
  version "3.5.4"

"@vuepress/bundler-vite@^2.0.0-rc.15", "@vuepress/bundler-vite@2.0.0-rc.15":
  version "2.0.0-rc.15"
  dependencies:
    "@vitejs/plugin-vue" "^5.1.2"
    "@vuepress/client" "2.0.0-rc.15"
    "@vuepress/core" "2.0.0-rc.15"
    "@vuepress/shared" "2.0.0-rc.15"
    "@vuepress/utils" "2.0.0-rc.15"
    autoprefixer "^10.4.20"
    connect-history-api-fallback "^2.0.0"
    postcss "^8.4.41"
    postcss-load-config "^6.0.1"
    rollup "^4.20.0"
    vite "~5.4.0"
    vue "^3.4.37"
    vue-router "^4.4.3"

"@vuepress/cli@2.0.0-rc.15":
  version "2.0.0-rc.15"
  dependencies:
    "@vuepress/core" "2.0.0-rc.15"
    "@vuepress/shared" "2.0.0-rc.15"
    "@vuepress/utils" "2.0.0-rc.15"
    cac "^6.7.14"
    chokidar "^3.6.0"
    envinfo "^7.13.0"
    esbuild "~0.21.5"

"@vuepress/client@2.0.0-rc.15":
  version "2.0.0-rc.15"
  dependencies:
    "@vue/devtools-api" "^6.6.3"
    "@vuepress/shared" "2.0.0-rc.15"
    vue "^3.4.37"
    vue-router "^4.4.3"

"@vuepress/core@2.0.0-rc.15":
  version "2.0.0-rc.15"
  dependencies:
    "@vuepress/client" "2.0.0-rc.15"
    "@vuepress/markdown" "2.0.0-rc.15"
    "@vuepress/shared" "2.0.0-rc.15"
    "@vuepress/utils" "2.0.0-rc.15"
    vue "^3.4.37"

"@vuepress/helper@2.0.0-rc.42":
  version "2.0.0-rc.42"
  dependencies:
    "@vue/shared" "^3.4.38"
    cheerio "1.0.0"
    fflate "^0.8.2"
    gray-matter "^4.0.3"
    vue "^3.4.38"

"@vuepress/highlighter-helper@2.0.0-rc.42":
  version "2.0.0-rc.42"

"@vuepress/markdown@2.0.0-rc.15":
  version "2.0.0-rc.15"
  dependencies:
    "@mdit-vue/plugin-component" "^2.1.3"
    "@mdit-vue/plugin-frontmatter" "^2.1.3"
    "@mdit-vue/plugin-headers" "^2.1.3"
    "@mdit-vue/plugin-sfc" "^2.1.3"
    "@mdit-vue/plugin-title" "^2.1.3"
    "@mdit-vue/plugin-toc" "^2.1.3"
    "@mdit-vue/shared" "^2.1.3"
    "@mdit-vue/types" "^2.1.0"
    "@types/markdown-it" "^14.1.2"
    "@types/markdown-it-emoji" "^3.0.1"
    "@vuepress/shared" "2.0.0-rc.15"
    "@vuepress/utils" "2.0.0-rc.15"
    markdown-it "^14.1.0"
    markdown-it-anchor "^9.0.1"
    markdown-it-emoji "^3.0.0"
    mdurl "^2.0.0"

"@vuepress/plugin-active-header-links@2.0.0-rc.42":
  version "2.0.0-rc.42"
  dependencies:
    "@vueuse/core" "^11.0.1"
    vue "^3.4.38"

"@vuepress/plugin-back-to-top@^2.0.0-rc.42", "@vuepress/plugin-back-to-top@2.0.0-rc.42":
  version "2.0.0-rc.42"
  dependencies:
    "@vuepress/helper" "2.0.0-rc.42"
    "@vueuse/core" "^11.0.1"
    vue "^3.4.38"

"@vuepress/plugin-copy-code@2.0.0-rc.42":
  version "2.0.0-rc.42"
  dependencies:
    "@vuepress/helper" "2.0.0-rc.42"
    "@vueuse/core" "^11.0.1"
    vue "^3.4.38"

"@vuepress/plugin-docsearch@^2.0.0-rc.42":
  version "2.0.0-rc.42"
  dependencies:
    "@docsearch/css" "^3.6.1"
    "@docsearch/js" "^3.6.1"
    "@docsearch/react" "^3.6.1"
    "@vuepress/helper" "2.0.0-rc.42"
    "@vueuse/core" "^11.0.1"
    ts-debounce "^4.0.0"
    vue "^3.4.38"

"@vuepress/plugin-git@2.0.0-rc.42":
  version "2.0.0-rc.42"
  dependencies:
    execa "^9.3.1"

"@vuepress/plugin-google-analytics@^2.0.0-rc.42":
  version "2.0.0-rc.42"

"@vuepress/plugin-links-check@2.0.0-rc.42":
  version "2.0.0-rc.42"
  dependencies:
    "@vuepress/helper" "2.0.0-rc.42"

"@vuepress/plugin-markdown-container@2.0.0-rc.42":
  version "2.0.0-rc.42"
  dependencies:
    "@types/markdown-it" "^14.1.2"
    markdown-it-container "^4.0.0"

"@vuepress/plugin-markdown-hint@2.0.0-rc.42":
  version "2.0.0-rc.42"
  dependencies:
    "@mdit/plugin-alert" "^0.13.0"
    "@mdit/plugin-container" "^0.13.0"
    "@types/markdown-it" "^14.1.2"
    "@vuepress/helper" "2.0.0-rc.42"

"@vuepress/plugin-medium-zoom@2.0.0-rc.42":
  version "2.0.0-rc.42"
  dependencies:
    "@vuepress/helper" "2.0.0-rc.42"
    medium-zoom "^1.1.0"
    vue "^3.4.38"

"@vuepress/plugin-nprogress@2.0.0-rc.42":
  version "2.0.0-rc.42"
  dependencies:
    "@vuepress/helper" "2.0.0-rc.42"
    vue "^3.4.38"

"@vuepress/plugin-palette@2.0.0-rc.42":
  version "2.0.0-rc.42"
  dependencies:
    chokidar "^3.6.0"

"@vuepress/plugin-prismjs@2.0.0-rc.42":
  version "2.0.0-rc.42"
  dependencies:
    "@vuepress/helper" "2.0.0-rc.42"
    "@vuepress/highlighter-helper" "2.0.0-rc.42"
    prismjs "^1.29.0"

"@vuepress/plugin-seo@2.0.0-rc.42":
  version "2.0.0-rc.42"
  dependencies:
    "@vuepress/helper" "2.0.0-rc.42"

"@vuepress/plugin-sitemap@2.0.0-rc.42":
  version "2.0.0-rc.42"
  dependencies:
    "@vuepress/helper" "2.0.0-rc.42"
    sitemap "^8.0.0"

"@vuepress/plugin-theme-data@2.0.0-rc.42":
  version "2.0.0-rc.42"
  dependencies:
    "@vue/devtools-api" "^6.6.3"
    vue "^3.4.38"

"@vuepress/shared@2.0.0-rc.15":
  version "2.0.0-rc.15"
  dependencies:
    "@mdit-vue/types" "^2.1.0"

"@vuepress/theme-default@^2.0.0-rc.42":
  version "2.0.0-rc.42"
  dependencies:
    "@vuepress/helper" "2.0.0-rc.42"
    "@vuepress/plugin-active-header-links" "2.0.0-rc.42"
    "@vuepress/plugin-back-to-top" "2.0.0-rc.42"
    "@vuepress/plugin-copy-code" "2.0.0-rc.42"
    "@vuepress/plugin-git" "2.0.0-rc.42"
    "@vuepress/plugin-links-check" "2.0.0-rc.42"
    "@vuepress/plugin-markdown-container" "2.0.0-rc.42"
    "@vuepress/plugin-markdown-hint" "2.0.0-rc.42"
    "@vuepress/plugin-medium-zoom" "2.0.0-rc.42"
    "@vuepress/plugin-nprogress" "2.0.0-rc.42"
    "@vuepress/plugin-palette" "2.0.0-rc.42"
    "@vuepress/plugin-prismjs" "2.0.0-rc.42"
    "@vuepress/plugin-seo" "2.0.0-rc.42"
    "@vuepress/plugin-sitemap" "2.0.0-rc.42"
    "@vuepress/plugin-theme-data" "2.0.0-rc.42"
    "@vueuse/core" "^11.0.1"
    sass "^1.77.8"
    vue "^3.4.38"

"@vuepress/utils@2.0.0-rc.15":
  version "2.0.0-rc.15"
  dependencies:
    "@types/debug" "^4.1.12"
    "@types/fs-extra" "^11.0.4"
    "@types/hash-sum" "^1.0.2"
    "@vuepress/shared" "2.0.0-rc.15"
    debug "^4.3.6"
    fs-extra "^11.2.0"
    globby "^14.0.2"
    hash-sum "^2.0.0"
    ora "^8.0.1"
    picocolors "^1.0.1"
    upath "^2.0.1"

"@vueuse/core@^11.0.1":
  version "11.0.3"
  dependencies:
    "@types/web-bluetooth" "^0.0.20"
    "@vueuse/metadata" "11.0.3"
    "@vueuse/shared" "11.0.3"
    vue-demi ">=0.14.10"

"@vueuse/metadata@11.0.3":
  version "11.0.3"

"@vueuse/shared@11.0.3":
  version "11.0.3"
  dependencies:
    vue-demi ">=0.14.10"

algoliasearch@^4.19.1, "algoliasearch@>= 4.9.1 < 6":
  version "4.24.0"
  dependencies:
    "@algolia/cache-browser-local-storage" "4.24.0"
    "@algolia/cache-common" "4.24.0"
    "@algolia/cache-in-memory" "4.24.0"
    "@algolia/client-account" "4.24.0"
    "@algolia/client-analytics" "4.24.0"
    "@algolia/client-common" "4.24.0"
    "@algolia/client-personalization" "4.24.0"
    "@algolia/client-search" "4.24.0"
    "@algolia/logger-common" "4.24.0"
    "@algolia/logger-console" "4.24.0"
    "@algolia/recommend" "4.24.0"
    "@algolia/requester-browser-xhr" "4.24.0"
    "@algolia/requester-common" "4.24.0"
    "@algolia/requester-node-http" "4.24.0"
    "@algolia/transporter" "4.24.0"

ansi-regex@^6.0.1:
  version "6.1.0"

anymatch@~3.1.2:
  version "3.1.3"
  dependencies:
    normalize-path "^3.0.0"
    picomatch "^2.0.4"

arg@^5.0.0:
  version "5.0.2"

argparse@^1.0.7:
  version "1.0.10"
  dependencies:
    sprintf-js "~1.0.2"

argparse@^2.0.1:
  version "2.0.1"

autoprefixer@^10.4.20:
  version "10.4.20"
  dependencies:
    browserslist "^4.23.3"
    caniuse-lite "^1.0.30001646"
    fraction.js "^4.3.7"
    normalize-range "^0.1.2"
    picocolors "^1.0.1"
    postcss-value-parser "^4.2.0"

binary-extensions@^2.0.0:
  version "2.3.0"

boolbase@^1.0.0:
  version "1.0.0"

braces@^3.0.3, braces@~3.0.2:
  version "3.0.3"
  dependencies:
    fill-range "^7.1.1"

browserslist@^4.23.3, "browserslist@>= 4.21.0":
  version "4.23.3"
  dependencies:
    caniuse-lite "^1.0.30001646"
    electron-to-chromium "^1.5.4"
    node-releases "^2.0.18"
    update-browserslist-db "^1.1.0"

cac@^6.7.14:
  version "6.7.14"

caniuse-lite@^1.0.30001646:
  version "1.0.30001660"

chalk@^5.3.0:
  version "5.3.0"

cheerio-select@^2.1.0:
  version "2.1.0"
  dependencies:
    boolbase "^1.0.0"
    css-select "^5.1.0"
    css-what "^6.1.0"
    domelementtype "^2.3.0"
    domhandler "^5.0.3"
    domutils "^3.0.1"

cheerio@1.0.0:
  version "1.0.0"
  dependencies:
    cheerio-select "^2.1.0"
    dom-serializer "^2.0.0"
    domhandler "^5.0.3"
    domutils "^3.1.0"
    encoding-sniffer "^0.2.0"
    htmlparser2 "^9.1.0"
    parse5 "^7.1.2"
    parse5-htmlparser2-tree-adapter "^7.0.0"
    parse5-parser-stream "^7.1.2"
    undici "^6.19.5"
    whatwg-mimetype "^4.0.0"

chokidar@^3.6.0, "chokidar@>=3.0.0 <4.0.0":
  version "3.6.0"
  dependencies:
    anymatch "~3.1.2"
    braces "~3.0.2"
    glob-parent "~5.1.2"
    is-binary-path "~2.1.0"
    is-glob "~4.0.1"
    normalize-path "~3.0.0"
    readdirp "~3.6.0"
  optionalDependencies:
    fsevents "~2.3.2"

cli-cursor@^5.0.0:
  version "5.0.0"
  dependencies:
    restore-cursor "^5.0.0"

cli-spinners@^2.9.2:
  version "2.9.2"

connect-history-api-fallback@^2.0.0:
  version "2.0.0"

cross-spawn@^7.0.3:
  version "7.0.3"
  dependencies:
    path-key "^3.1.0"
    shebang-command "^2.0.0"
    which "^2.0.1"

css-select@^5.1.0:
  version "5.1.0"
  dependencies:
    boolbase "^1.0.0"
    css-what "^6.1.0"
    domhandler "^5.0.2"
    domutils "^3.0.1"
    nth-check "^2.0.1"

css-what@^6.1.0:
  version "6.1.0"

csstype@^3.1.3:
  version "3.1.3"

debug@^4.3.6:
  version "4.3.7"
  dependencies:
    ms "^2.1.3"

dom-serializer@^2.0.0:
  version "2.0.0"
  dependencies:
    domelementtype "^2.3.0"
    domhandler "^5.0.2"
    entities "^4.2.0"

domelementtype@^2.3.0:
  version "2.3.0"

domhandler@^5.0.2, domhandler@^5.0.3:
  version "5.0.3"
  dependencies:
    domelementtype "^2.3.0"

domutils@^3.0.1, domutils@^3.1.0:
  version "3.1.0"
  dependencies:
    dom-serializer "^2.0.0"
    domelementtype "^2.3.0"
    domhandler "^5.0.3"

electron-to-chromium@^1.5.4:
  version "1.5.19"

emoji-regex@^10.3.0:
  version "10.4.0"

encoding-sniffer@^0.2.0:
  version "0.2.0"
  dependencies:
    iconv-lite "^0.6.3"
    whatwg-encoding "^3.1.1"

entities@^4.2.0, entities@^4.4.0, entities@^4.5.0:
  version "4.5.0"

envinfo@^7.13.0:
  version "7.13.0"

esbuild@^0.21.3, esbuild@~0.21.5:
  version "0.21.5"
  optionalDependencies:
    "@esbuild/aix-ppc64" "0.21.5"
    "@esbuild/android-arm" "0.21.5"
    "@esbuild/android-arm64" "0.21.5"
    "@esbuild/android-x64" "0.21.5"
    "@esbuild/darwin-arm64" "0.21.5"
    "@esbuild/darwin-x64" "0.21.5"
    "@esbuild/freebsd-arm64" "0.21.5"
    "@esbuild/freebsd-x64" "0.21.5"
    "@esbuild/linux-arm" "0.21.5"
    "@esbuild/linux-arm64" "0.21.5"
    "@esbuild/linux-ia32" "0.21.5"
    "@esbuild/linux-loong64" "0.21.5"
    "@esbuild/linux-mips64el" "0.21.5"
    "@esbuild/linux-ppc64" "0.21.5"
    "@esbuild/linux-riscv64" "0.21.5"
    "@esbuild/linux-s390x" "0.21.5"
    "@esbuild/linux-x64" "0.21.5"
    "@esbuild/netbsd-x64" "0.21.5"
    "@esbuild/openbsd-x64" "0.21.5"
    "@esbuild/sunos-x64" "0.21.5"
    "@esbuild/win32-arm64" "0.21.5"
    "@esbuild/win32-ia32" "0.21.5"
    "@esbuild/win32-x64" "0.21.5"

escalade@^3.1.2:
  version "3.2.0"

esprima@^4.0.0:
  version "4.0.1"

estree-walker@^2.0.2:
  version "2.0.2"

execa@^9.3.1:
  version "9.3.1"
  dependencies:
    "@sindresorhus/merge-streams" "^4.0.0"
    cross-spawn "^7.0.3"
    figures "^6.1.0"
    get-stream "^9.0.0"
    human-signals "^8.0.0"
    is-plain-obj "^4.1.0"
    is-stream "^4.0.1"
    npm-run-path "^5.2.0"
    pretty-ms "^9.0.0"
    signal-exit "^4.1.0"
    strip-final-newline "^4.0.0"
    yoctocolors "^2.0.0"

extend-shallow@^2.0.1:
  version "2.0.1"
  dependencies:
    is-extendable "^0.1.0"

fast-glob@^3.3.2:
  version "3.3.2"
  dependencies:
    "@nodelib/fs.stat" "^2.0.2"
    "@nodelib/fs.walk" "^1.2.3"
    glob-parent "^5.1.2"
    merge2 "^1.3.0"
    micromatch "^4.0.4"

fastq@^1.6.0:
  version "1.17.1"
  dependencies:
    reusify "^1.0.4"

fflate@^0.8.2:
  version "0.8.2"

figures@^6.1.0:
  version "6.1.0"
  dependencies:
    is-unicode-supported "^2.0.0"

fill-range@^7.1.1:
  version "7.1.1"
  dependencies:
    to-regex-range "^5.0.1"

fraction.js@^4.3.7:
  version "4.3.7"

fs-extra@^11.2.0:
  version "11.2.0"
  dependencies:
    graceful-fs "^4.2.0"
    jsonfile "^6.0.1"
    universalify "^2.0.0"

fsevents@~2.3.2, fsevents@~2.3.3:
  version "2.3.3"

get-east-asian-width@^1.0.0:
  version "1.2.0"

get-stream@^9.0.0:
  version "9.0.1"
  dependencies:
    "@sec-ant/readable-stream" "^0.4.1"
    is-stream "^4.0.1"

glob-parent@^5.1.2, glob-parent@~5.1.2:
  version "5.1.2"
  dependencies:
    is-glob "^4.0.1"

globby@^14.0.2:
  version "14.0.2"
  dependencies:
    "@sindresorhus/merge-streams" "^2.1.0"
    fast-glob "^3.3.2"
    ignore "^5.2.4"
    path-type "^5.0.0"
    slash "^5.1.0"
    unicorn-magic "^0.1.0"

graceful-fs@^4.1.6, graceful-fs@^4.2.0:
  version "4.2.11"

gray-matter@^4.0.3:
  version "4.0.3"
  dependencies:
    js-yaml "^3.13.1"
    kind-of "^6.0.2"
    section-matter "^1.0.0"
    strip-bom-string "^1.0.0"

hash-sum@^2.0.0:
  version "2.0.0"

htmlparser2@^9.1.0:
  version "9.1.0"
  dependencies:
    domelementtype "^2.3.0"
    domhandler "^5.0.3"
    domutils "^3.1.0"
    entities "^4.5.0"

human-signals@^8.0.0:
  version "8.0.0"

iconv-lite@^0.6.3, iconv-lite@0.6.3:
  version "0.6.3"
  dependencies:
    safer-buffer ">= 2.1.2 < 3.0.0"

ignore@^5.2.4:
  version "5.3.2"

immutable@^4.0.0:
  version "4.3.7"

is-binary-path@~2.1.0:
  version "2.1.0"
  dependencies:
    binary-extensions "^2.0.0"

is-extendable@^0.1.0:
  version "0.1.1"

is-extglob@^2.1.1:
  version "2.1.1"

is-glob@^4.0.1, is-glob@~4.0.1:
  version "4.0.3"
  dependencies:
    is-extglob "^2.1.1"

is-interactive@^2.0.0:
  version "2.0.0"

is-number@^7.0.0:
  version "7.0.0"

is-plain-obj@^4.1.0:
  version "4.1.0"

is-stream@^4.0.1:
  version "4.0.1"

is-unicode-supported@^1.3.0:
  version "1.3.0"

is-unicode-supported@^2.0.0:
  version "2.1.0"

isexe@^2.0.0:
  version "2.0.0"

js-yaml@^3.13.1:
  version "3.14.1"
  dependencies:
    argparse "^1.0.7"
    esprima "^4.0.0"

jsonfile@^6.0.1:
  version "6.1.0"
  dependencies:
    universalify "^2.0.0"
  optionalDependencies:
    graceful-fs "^4.1.6"

kind-of@^6.0.0, kind-of@^6.0.2:
  version "6.0.3"

lilconfig@^3.1.1:
  version "3.1.2"

linkify-it@^5.0.0:
  version "5.0.0"
  dependencies:
    uc.micro "^2.0.0"

log-symbols@^6.0.0:
  version "6.0.0"
  dependencies:
    chalk "^5.3.0"
    is-unicode-supported "^1.3.0"

magic-string@^0.30.11:
  version "0.30.11"
  dependencies:
    "@jridgewell/sourcemap-codec" "^1.5.0"

markdown-it-anchor@^9.0.1:
  version "9.2.0"

markdown-it-container@^4.0.0:
  version "4.0.0"

markdown-it-emoji@^3.0.0:
  version "3.0.0"

markdown-it@*, markdown-it@^14.1.0:
  version "14.1.0"
  dependencies:
    argparse "^2.0.1"
    entities "^4.4.0"
    linkify-it "^5.0.0"
    mdurl "^2.0.0"
    punycode.js "^2.3.1"
    uc.micro "^2.1.0"

mdurl@^2.0.0:
  version "2.0.0"

medium-zoom@^1.1.0:
  version "1.1.0"

merge2@^1.3.0:
  version "1.4.1"

micromatch@^4.0.4:
  version "4.0.8"
  dependencies:
    braces "^3.0.3"
    picomatch "^2.3.1"

mimic-function@^5.0.0:
  version "5.0.1"

ms@^2.1.3:
  version "2.1.3"

nanoid@^3.3.7:
  version "3.3.7"

node-releases@^2.0.18:
  version "2.0.18"

normalize-path@^3.0.0, normalize-path@~3.0.0:
  version "3.0.0"

normalize-range@^0.1.2:
  version "0.1.2"

npm-run-path@^5.2.0:
  version "5.3.0"
  dependencies:
    path-key "^4.0.0"

nth-check@^2.0.1:
  version "2.1.1"
  dependencies:
    boolbase "^1.0.0"

onetime@^7.0.0:
  version "7.0.0"
  dependencies:
    mimic-function "^5.0.0"

ora@^8.0.1:
  version "8.1.0"
  dependencies:
    chalk "^5.3.0"
    cli-cursor "^5.0.0"
    cli-spinners "^2.9.2"
    is-interactive "^2.0.0"
    is-unicode-supported "^2.0.0"
    log-symbols "^6.0.0"
    stdin-discarder "^0.2.2"
    string-width "^7.2.0"
    strip-ansi "^7.1.0"

parse-ms@^4.0.0:
  version "4.0.0"

parse5-htmlparser2-tree-adapter@^7.0.0:
  version "7.0.0"
  dependencies:
    domhandler "^5.0.2"
    parse5 "^7.0.0"

parse5-parser-stream@^7.1.2:
  version "7.1.2"
  dependencies:
    parse5 "^7.0.0"

parse5@^7.0.0, parse5@^7.1.2:
  version "7.1.2"
  dependencies:
    entities "^4.4.0"

path-key@^3.1.0:
  version "3.1.1"

path-key@^4.0.0:
  version "4.0.0"

path-type@^5.0.0:
  version "5.0.0"

picocolors@^1.0.1:
  version "1.1.0"

picomatch@^2.0.4, picomatch@^2.2.1, picomatch@^2.3.1:
  version "2.3.1"

postcss-load-config@^6.0.1:
  version "6.0.1"
  dependencies:
    lilconfig "^3.1.1"

postcss-value-parser@^4.2.0:
  version "4.2.0"

postcss@^8.1.0, postcss@^8.4.41, postcss@^8.4.43, postcss@^8.4.44, postcss@>=8.0.9:
  version "8.4.45"
  dependencies:
    nanoid "^3.3.7"
    picocolors "^1.0.1"
    source-map-js "^1.2.0"

preact@^10.0.0:
  version "10.23.2"

prettier-config-vuepress@^5.0.0:
  version "5.0.0"

prettier@^3.3.3:
  version "3.3.3"

pretty-ms@^9.0.0:
  version "9.1.0"
  dependencies:
    parse-ms "^4.0.0"

prismjs@^1.29.0:
  version "1.29.0"

punycode.js@^2.3.1:
  version "2.3.1"

queue-microtask@^1.2.2:
  version "1.2.3"

readdirp@~3.6.0:
  version "3.6.0"
  dependencies:
    picomatch "^2.2.1"

restore-cursor@^5.0.0:
  version "5.1.0"
  dependencies:
    onetime "^7.0.0"
    signal-exit "^4.1.0"

reusify@^1.0.4:
  version "1.0.4"

rollup@^4.20.0:
  version "4.21.2"
  dependencies:
    "@types/estree" "1.0.5"
  optionalDependencies:
    "@rollup/rollup-android-arm-eabi" "4.21.2"
    "@rollup/rollup-android-arm64" "4.21.2"
    "@rollup/rollup-darwin-arm64" "4.21.2"
    "@rollup/rollup-darwin-x64" "4.21.2"
    "@rollup/rollup-linux-arm-gnueabihf" "4.21.2"
    "@rollup/rollup-linux-arm-musleabihf" "4.21.2"
    "@rollup/rollup-linux-arm64-gnu" "4.21.2"
    "@rollup/rollup-linux-arm64-musl" "4.21.2"
    "@rollup/rollup-linux-powerpc64le-gnu" "4.21.2"
    "@rollup/rollup-linux-riscv64-gnu" "4.21.2"
    "@rollup/rollup-linux-s390x-gnu" "4.21.2"
    "@rollup/rollup-linux-x64-gnu" "4.21.2"
    "@rollup/rollup-linux-x64-musl" "4.21.2"
    "@rollup/rollup-win32-arm64-msvc" "4.21.2"
    "@rollup/rollup-win32-ia32-msvc" "4.21.2"
    "@rollup/rollup-win32-x64-msvc" "4.21.2"
    fsevents "~2.3.2"

run-parallel@^1.1.9:
  version "1.2.0"
  dependencies:
    queue-microtask "^1.2.2"

"safer-buffer@>= 2.1.2 < 3.0.0":
  version "2.1.2"

sass@*, sass@^1.77.8:
  version "1.78.0"
  dependencies:
    chokidar ">=3.0.0 <4.0.0"
    immutable "^4.0.0"
    source-map-js ">=0.6.2 <2.0.0"

sax@^1.2.4:
  version "1.4.1"

"search-insights@>= 1 < 3":
  version "2.17.2"
  resolved "https://registry.npmjs.org/search-insights/-/search-insights-2.17.2.tgz"
  integrity sha512-zFNpOpUO+tY2D85KrxJ+aqwnIfdEGi06UH2+xEb+Bp9Mwznmauqc9djbnBibJO5mpfUPPa8st6Sx65+vbeO45g==

section-matter@^1.0.0:
  version "1.0.0"
  dependencies:
    extend-shallow "^2.0.1"
    kind-of "^6.0.0"

shebang-command@^2.0.0:
  version "2.0.0"
  dependencies:
    shebang-regex "^3.0.0"

shebang-regex@^3.0.0:
  version "3.0.0"

signal-exit@^4.1.0:
  version "4.1.0"

sitemap@^8.0.0:
  version "8.0.0"
  dependencies:
    "@types/node" "^17.0.5"
    "@types/sax" "^1.2.1"
    arg "^5.0.0"
    sax "^1.2.4"

slash@^5.1.0:
  version "5.1.0"

source-map-js@^1.2.0, "source-map-js@>=0.6.2 <2.0.0":
  version "1.2.1"

sprintf-js@~1.0.2:
  version "1.0.3"

stdin-discarder@^0.2.2:
  version "0.2.2"

string-width@^7.2.0:
  version "7.2.0"
  dependencies:
    emoji-regex "^10.3.0"
    get-east-asian-width "^1.0.0"
    strip-ansi "^7.1.0"

strip-ansi@^7.1.0:
  version "7.1.0"
  dependencies:
    ansi-regex "^6.0.1"

strip-bom-string@^1.0.0:
  version "1.0.0"

strip-final-newline@^4.0.0:
  version "4.0.0"

to-fast-properties@^2.0.0:
  version "2.0.0"

to-regex-range@^5.0.1:
  version "5.0.1"
  dependencies:
    is-number "^7.0.0"

ts-debounce@^4.0.0:
  version "4.0.0"

uc.micro@^2.0.0, uc.micro@^2.1.0:
  version "2.1.0"

undici-types@~5.26.4:
  version "5.26.5"

undici@^6.19.5:
  version "6.19.8"

unicorn-magic@^0.1.0:
  version "0.1.0"

universalify@^2.0.0:
  version "2.0.1"

upath@^2.0.1:
  version "2.0.1"

update-browserslist-db@^1.1.0:
  version "1.1.0"
  dependencies:
    escalade "^3.1.2"
    picocolors "^1.0.1"

vite@^5.0.0, vite@~5.4.0:
  version "5.4.3"
  dependencies:
    esbuild "^0.21.3"
    postcss "^8.4.43"
    rollup "^4.20.0"
  optionalDependencies:
    fsevents "~2.3.3"

vue-demi@>=0.14.10:
  version "0.14.10"

vue-router@^4.4.3:
  version "4.4.4"
  dependencies:
    "@vue/devtools-api" "^6.6.4"

"vue@^3.0.0-0 || ^2.6.0", vue@^3.2.0, vue@^3.2.25, vue@^3.4.37, vue@^3.4.38, vue@^3.5.4, vue@3.5.4:
  version "3.5.4"
  dependencies:
    "@vue/compiler-dom" "3.5.4"
    "@vue/compiler-sfc" "3.5.4"
    "@vue/runtime-dom" "3.5.4"
    "@vue/server-renderer" "3.5.4"
    "@vue/shared" "3.5.4"

vuepress@^2.0.0-rc.15, vuepress@2.0.0-rc.15:
  version "2.0.0-rc.15"
  dependencies:
    "@vuepress/cli" "2.0.0-rc.15"
    "@vuepress/client" "2.0.0-rc.15"
    "@vuepress/core" "2.0.0-rc.15"
    "@vuepress/markdown" "2.0.0-rc.15"
    "@vuepress/shared" "2.0.0-rc.15"
    "@vuepress/utils" "2.0.0-rc.15"
    vue "^3.4.37"

whatwg-encoding@^3.1.1:
  version "3.1.1"
  dependencies:
    iconv-lite "0.6.3"

whatwg-mimetype@^4.0.0:
  version "4.0.0"

which@^2.0.1:
  version "2.0.2"
  dependencies:
    isexe "^2.0.0"

yoctocolors@^2.0.0:
  version "2.1.1"
